# Generated by pub
# See http://pub.dartlang.org/doc/glossary.html#lockfile
packages:
  asset_pack:
    description:
      ref: null
      resolved-ref: "7d4fb50d86a8546e3160ea509bdc17c0edd76ae2"
      url: "https://github.com/johnmccutchan/asset_pack.git"
    source: git
    version: "0.6.0"
  browser:
    description: browser
    source: hosted
    version: "0.5.13"
  game_loop:
    description:
      ref: null
      resolved-ref: de0fc5107832fe385deca649440aaaf76001ba1c
      url: "https://github.com/johnmccutchan/game_loop.git"
    source: git
    version: "0.9.0"
  meta:
    description: meta
    source: hosted
    version: "0.5.13"
  simple_audio:
    description:
      ref: null
      resolved-ref: "6e5f4c42361b66761d01e2b68533758d45b74437"
      url: "https://github.com/johnmccutchan/simpleaudio.git"
    source: git
    version: "0.9.0"
  unittest:
    description: unittest
    source: hosted
    version: "0.5.13"
  vector_math:
    description:
      ref: null
      resolved-ref: ada59d9be31459bf3ef7cc0c718ccd92a668f070
      url: "https://github.com/johnmccutchan/vector_math.git"
    source: git
    version: "1.3.0"
